
Microsoft Visual Studio Solution File, Format Version 12.00
# Visual Studio Version 16
VisualStudioVersion = 16.0.31205.134
MinimumVisualStudioVersion = 10.0.40219.1
Project("{9A19103F-16F7-4668-BE54-9A1E7A4F7556}") = "BigsizeFashion.API", "BigsizeFashion.API\BigsizeFashion.API.csproj", "{77B9CB74-02B6-4428-B1F8-FE37FF8E6D52}"
EndProject
Project("{FAE04EC0-301F-11D3-BF4B-00C04F79EFBC}") = "BigSizeFashion.Business", "BigSizeFashion.Business\BigSizeFashion.Business.csproj", "{88D80900-3C82-4076-9E38-AEE1EE54AAB8}"
EndProject
Project("{FAE04EC0-301F-11D3-BF4B-00C04F79EFBC}") = "BigSizeFashion.Data", "BigSizeFashion.Data\BigSizeFashion.Data.csproj", "{D6BEC7EB-5C05-47F4-9D8D-36D7F3C0180D}"
EndProject
Global
	GlobalSection(SolutionConfigurationPlatforms) = preSolution
		Debug|Any CPU = Debug|Any CPU
		Release|Any CPU = Release|Any CPU
	EndGlobalSection
	GlobalSection(ProjectConfigurationPlatforms) = postSolution
		{77B9CB74-02B6-4428-B1F8-FE37FF8E6D52}.Debug|Any CPU.ActiveCfg = Debug|Any CPU
		{77B9CB74-02B6-4428-B1F8-FE37FF8E6D52}.Debug|Any CPU.Build.0 = Debug|Any CPU
		{77B9CB74-02B6-4428-B1F8-FE37FF8E6D52}.Release|Any CPU.ActiveCfg = Release|Any CPU
		{77B9CB74-02B6-4428-B1F8-FE37FF8E6D52}.Release|Any CPU.Build.0 = Release|Any CPU
		{88D80900-3C82-4076-9E38-AEE1EE54AAB8}.Debug|Any CPU.ActiveCfg = Debug|Any CPU
		{88D80900-3C82-4076-9E38-AEE1EE54AAB8}.Debug|Any CPU.Build.0 = Debug|Any CPU
		{88D80900-3C82-4076-9E38-AEE1EE54AAB8}.Release|Any CPU.ActiveCfg = Release|Any CPU
		{88D80900-3C82-4076-9E38-AEE1EE54AAB8}.Release|Any CPU.Build.0 = Release|Any CPU
		{D6BEC7EB-5C05-47F4-9D8D-36D7F3C0180D}.Debug|Any CPU.ActiveCfg = Debug|Any CPU
		{D6BEC7EB-5C05-47F4-9D8D-36D7F3C0180D}.Debug|Any CPU.Build.0 = Debug|Any CPU
		{D6BEC7EB-5C05-47F4-9D8D-36D7F3C0180D}.Release|Any CPU.ActiveCfg = Release|Any CPU
		{D6BEC7EB-5C05-47F4-9D8D-36D7F3C0180D}.Release|Any CPU.Build.0 = Release|Any CPU
	EndGlobalSection
	GlobalSection(SolutionProperties) = preSolution
		HideSolutionNode = FALSE
	EndGlobalSection
	GlobalSection(ExtensibilityGlobals) = postSolution
		SolutionGuid = {6584D8A8-50BD-4379-8E9D-DA8AF02BEC48}
	EndGlobalSection
EndGlobal
